
Microsoft Visual Studio Solution File, Format Version 12.00
# Visual Studio Version 16
VisualStudioVersion = 16.0.31019.35
MinimumVisualStudioVersion = 10.0.40219.1
Project("{9A19103F-16F7-4668-BE54-9A1E7A4F7556}") = "TBashaBari", "TBashaBari\TBashaBari.csproj", "{B6301E92-ABF0-40E3-8ADD-73737ABC2221}"
EndProject
Global
	GlobalSection(SolutionConfigurationPlatforms) = preSolution
		Debug|Any CPU = Debug|Any CPU
		Release|Any CPU = Release|Any CPU
	EndGlobalSection
	GlobalSection(ProjectConfigurationPlatforms) = postSolution
		{B6301E92-ABF0-40E3-8ADD-73737ABC2221}.Debug|Any CPU.ActiveCfg = Debug|Any CPU
		{B6301E92-ABF0-40E3-8ADD-73737ABC2221}.Debug|Any CPU.Build.0 = Debug|Any CPU
		{B6301E92-ABF0-40E3-8ADD-73737ABC2221}.Release|Any CPU.ActiveCfg = Release|Any CPU
		{B6301E92-ABF0-40E3-8ADD-73737ABC2221}.Release|Any CPU.Build.0 = Release|Any CPU
	EndGlobalSection
	GlobalSection(SolutionProperties) = preSolution
		HideSolutionNode = FALSE
	EndGlobalSection
	GlobalSection(ExtensibilityGlobals) = postSolution
		SolutionGuid = {CACA7386-6BFA-4139-8B9A-3304BA02FD9D}
	EndGlobalSection
EndGlobal
